PODS:
  - Flutter (1.0.0)
  - social_share (0.0.1):
    - Flutter

DEPENDENCIES:
  - Flutter (from `Flutter`)
  - social_share (from `.symlinks/plugins/social_share/ios`)

EXTERNAL SOURCES:
  Flutter:
    :path: Flutter
  social_share:
    :path: ".symlinks/plugins/social_share/ios"

SPEC CHECKSUMS:
  Flutter: cabc95a1d2626b1b06e7179b784ebcf0c0cde467
  social_share: a0cd8d7dadd567d93a5440d1a8f10a4d9af7b645

PODFILE CHECKSUM: d85ddc5f90e8c593f9dc16ef40fc88253b4f8f6b

COCOAPODS: 1.16.2
